
Microsoft Visual Studio Solution File, Format Version 12.00
# Visual Studio Version 17
VisualStudioVersion = 17.0.31903.59
MinimumVisualStudioVersion = 10.0.40219.1
Project("{9A19103F-16F7-4668-BE54-9A1E7A4F7556}") = "Domain", "Domain\Domain.csproj", "{CEED3C28-E414-4CFA-95C5-D605F79E8C86}"
EndProject
Project("{9A19103F-16F7-4668-BE54-9A1E7A4F7556}") = "Data", "Data\Data.csproj", "{EA5E39B7-63C2-4E93-B649-3BD414914728}"
EndProject
Project("{9A19103F-16F7-4668-BE54-9A1E7A4F7556}") = "API", "API\API.csproj", "{D9769595-AAB4-42F2-9BFC-88C3121134ED}"
EndProject
Global
	GlobalSection(SolutionConfigurationPlatforms) = preSolution
		Debug|Any CPU = Debug|Any CPU
		Release|Any CPU = Release|Any CPU
	EndGlobalSection
	GlobalSection(ProjectConfigurationPlatforms) = postSolution
		{CEED3C28-E414-4CFA-95C5-D605F79E8C86}.Debug|Any CPU.ActiveCfg = Debug|Any CPU
		{CEED3C28-E414-4CFA-95C5-D605F79E8C86}.Debug|Any CPU.Build.0 = Debug|Any CPU
		{CEED3C28-E414-4CFA-95C5-D605F79E8C86}.Release|Any CPU.ActiveCfg = Release|Any CPU
		{CEED3C28-E414-4CFA-95C5-D605F79E8C86}.Release|Any CPU.Build.0 = Release|Any CPU
		{EA5E39B7-63C2-4E93-B649-3BD414914728}.Debug|Any CPU.ActiveCfg = Debug|Any CPU
		{EA5E39B7-63C2-4E93-B649-3BD414914728}.Debug|Any CPU.Build.0 = Debug|Any CPU
		{EA5E39B7-63C2-4E93-B649-3BD414914728}.Release|Any CPU.ActiveCfg = Release|Any CPU
		{EA5E39B7-63C2-4E93-B649-3BD414914728}.Release|Any CPU.Build.0 = Release|Any CPU
		{D9769595-AAB4-42F2-9BFC-88C3121134ED}.Debug|Any CPU.ActiveCfg = Debug|Any CPU
		{D9769595-AAB4-42F2-9BFC-88C3121134ED}.Debug|Any CPU.Build.0 = Debug|Any CPU
		{D9769595-AAB4-42F2-9BFC-88C3121134ED}.Release|Any CPU.ActiveCfg = Release|Any CPU
		{D9769595-AAB4-42F2-9BFC-88C3121134ED}.Release|Any CPU.Build.0 = Release|Any CPU
	EndGlobalSection
	GlobalSection(SolutionProperties) = preSolution
		HideSolutionNode = FALSE
	EndGlobalSection
	GlobalSection(ExtensibilityGlobals) = postSolution
		SolutionGuid = {59544F26-2B95-4613-BA66-1A81813D64B1}
	EndGlobalSection
EndGlobal
